
Microsoft Visual Studio Solution File, Format Version 12.00
# Visual Studio 15
VisualStudioVersion = 15.0.26228.86
MinimumVisualStudioVersion = 10.0.40219.1
Project("{8BC9CEB8-8B4A-11D0-8D11-00A0C91BC942}") = "ARRAYS", "ARRAYS\ARRAYS.vcxproj", "{BC94C3E6-BEDA-4A5E-AC42-A7958B7A2B43}"
EndProject
Project("{8BC9CEB8-8B4A-11D0-8D11-00A0C91BC942}") = "Shift", "Shift\Shift.vcxproj", "{C1BE729F-CC03-4793-8B3F-15A31EE90D6D}"
EndProject
Project("{8BC9CEB8-8B4A-11D0-8D11-00A0C91BC942}") = "Numerics", "Numerics\Numerics.vcxproj", "{C8DE8037-F893-4136-A5EA-01C6F133B95A}"
EndProject
Project("{8BC9CEB8-8B4A-11D0-8D11-00A0C91BC942}") = "SoRT", "SoRT\SoRT.vcxproj", "{A01441BB-078E-49E3-B154-79D56C090B27}"
EndProject
Project("{8BC9CEB8-8B4A-11D0-8D11-00A0C91BC942}") = "UnigueRand", "UnigueRand\UnigueRand.vcxproj", "{505EE4AE-6CC8-4F2F-B698-119A05D138C0}"
EndProject
Project("{8BC9CEB8-8B4A-11D0-8D11-00A0C91BC942}") = "DUBLICATES", "DUBLICATES\DUBLICATES.vcxproj", "{43F4B933-8E51-49A9-AB4C-41EE5E632AA2}"
EndProject
Global
	GlobalSection(SolutionConfigurationPlatforms) = preSolution
		Debug|x64 = Debug|x64
		Debug|x86 = Debug|x86
		Release|x64 = Release|x64
		Release|x86 = Release|x86
	EndGlobalSection
	GlobalSection(ProjectConfigurationPlatforms) = postSolution
		{BC94C3E6-BEDA-4A5E-AC42-A7958B7A2B43}.Debug|x64.ActiveCfg = Debug|x64
		{BC94C3E6-BEDA-4A5E-AC42-A7958B7A2B43}.Debug|x64.Build.0 = Debug|x64
		{BC94C3E6-BEDA-4A5E-AC42-A7958B7A2B43}.Debug|x86.ActiveCfg = Debug|Win32
		{BC94C3E6-BEDA-4A5E-AC42-A7958B7A2B43}.Debug|x86.Build.0 = Debug|Win32
		{BC94C3E6-BEDA-4A5E-AC42-A7958B7A2B43}.Release|x64.ActiveCfg = Release|x64
		{BC94C3E6-BEDA-4A5E-AC42-A7958B7A2B43}.Release|x64.Build.0 = Release|x64
		{BC94C3E6-BEDA-4A5E-AC42-A7958B7A2B43}.Release|x86.ActiveCfg = Release|Win32
		{BC94C3E6-BEDA-4A5E-AC42-A7958B7A2B43}.Release|x86.Build.0 = Release|Win32
		{C1BE729F-CC03-4793-8B3F-15A31EE90D6D}.Debug|x64.ActiveCfg = Debug|x64
		{C1BE729F-CC03-4793-8B3F-15A31EE90D6D}.Debug|x64.Build.0 = Debug|x64
		{C1BE729F-CC03-4793-8B3F-15A31EE90D6D}.Debug|x86.ActiveCfg = Debug|Win32
		{C1BE729F-CC03-4793-8B3F-15A31EE90D6D}.Debug|x86.Build.0 = Debug|Win32
		{C1BE729F-CC03-4793-8B3F-15A31EE90D6D}.Release|x64.ActiveCfg = Release|x64
		{C1BE729F-CC03-4793-8B3F-15A31EE90D6D}.Release|x64.Build.0 = Release|x64
		{C1BE729F-CC03-4793-8B3F-15A31EE90D6D}.Release|x86.ActiveCfg = Release|Win32
		{C1BE729F-CC03-4793-8B3F-15A31EE90D6D}.Release|x86.Build.0 = Release|Win32
		{C8DE8037-F893-4136-A5EA-01C6F133B95A}.Debug|x64.ActiveCfg = Debug|x64
		{C8DE8037-F893-4136-A5EA-01C6F133B95A}.Debug|x64.Build.0 = Debug|x64
		{C8DE8037-F893-4136-A5EA-01C6F133B95A}.Debug|x86.ActiveCfg = Debug|Win32
		{C8DE8037-F893-4136-A5EA-01C6F133B95A}.Debug|x86.Build.0 = Debug|Win32
		{C8DE8037-F893-4136-A5EA-01C6F133B95A}.Release|x64.ActiveCfg = Release|x64
		{C8DE8037-F893-4136-A5EA-01C6F133B95A}.Release|x64.Build.0 = Release|x64
		{C8DE8037-F893-4136-A5EA-01C6F133B95A}.Release|x86.ActiveCfg = Release|Win32
		{C8DE8037-F893-4136-A5EA-01C6F133B95A}.Release|x86.Build.0 = Release|Win32
		{A01441BB-078E-49E3-B154-79D56C090B27}.Debug|x64.ActiveCfg = Debug|x64
		{A01441BB-078E-49E3-B154-79D56C090B27}.Debug|x64.Build.0 = Debug|x64
		{A01441BB-078E-49E3-B154-79D56C090B27}.Debug|x86.ActiveCfg = Debug|Win32
		{A01441BB-078E-49E3-B154-79D56C090B27}.Debug|x86.Build.0 = Debug|Win32
		{A01441BB-078E-49E3-B154-79D56C090B27}.Release|x64.ActiveCfg = Release|x64
		{A01441BB-078E-49E3-B154-79D56C090B27}.Release|x64.Build.0 = Release|x64
		{A01441BB-078E-49E3-B154-79D56C090B27}.Release|x86.ActiveCfg = Release|Win32
		{A01441BB-078E-49E3-B154-79D56C090B27}.Release|x86.Build.0 = Release|Win32
		{505EE4AE-6CC8-4F2F-B698-119A05D138C0}.Debug|x64.ActiveCfg = Debug|x64
		{505EE4AE-6CC8-4F2F-B698-119A05D138C0}.Debug|x64.Build.0 = Debug|x64
		{505EE4AE-6CC8-4F2F-B698-119A05D138C0}.Debug|x86.ActiveCfg = Debug|Win32
		{505EE4AE-6CC8-4F2F-B698-119A05D138C0}.Debug|x86.Build.0 = Debug|Win32
		{505EE4AE-6CC8-4F2F-B698-119A05D138C0}.Release|x64.ActiveCfg = Release|x64
		{505EE4AE-6CC8-4F2F-B698-119A05D138C0}.Release|x64.Build.0 = Release|x64
		{505EE4AE-6CC8-4F2F-B698-119A05D138C0}.Release|x86.ActiveCfg = Release|Win32
		{505EE4AE-6CC8-4F2F-B698-119A05D138C0}.Release|x86.Build.0 = Release|Win32
		{43F4B933-8E51-49A9-AB4C-41EE5E632AA2}.Debug|x64.ActiveCfg = Debug|x64
		{43F4B933-8E51-49A9-AB4C-41EE5E632AA2}.Debug|x64.Build.0 = Debug|x64
		{43F4B933-8E51-49A9-AB4C-41EE5E632AA2}.Debug|x86.ActiveCfg = Debug|Win32
		{43F4B933-8E51-49A9-AB4C-41EE5E632AA2}.Debug|x86.Build.0 = Debug|Win32
		{43F4B933-8E51-49A9-AB4C-41EE5E632AA2}.Release|x64.ActiveCfg = Release|x64
		{43F4B933-8E51-49A9-AB4C-41EE5E632AA2}.Release|x64.Build.0 = Release|x64
		{43F4B933-8E51-49A9-AB4C-41EE5E632AA2}.Release|x86.ActiveCfg = Release|Win32
		{43F4B933-8E51-49A9-AB4C-41EE5E632AA2}.Release|x86.Build.0 = Release|Win32
	EndGlobalSection
	GlobalSection(SolutionProperties) = preSolution
		HideSolutionNode = FALSE
	EndGlobalSection
EndGlobal
